<Solution>
  <Folder Name="/apis/">
    <Project Path="src/Basket.API/Basket.API.csproj" Id="2d2860d0-fef2-4fb9-aa26-616b4cd6b8d5" />
    <Project Path="src/Catalog.API/Catalog.API.csproj" Id="3c51bbe5-925f-4a0b-937c-4e12af1e34fb" />
    <Project Path="src/Order.API/Order.API.csproj" Id="76c066fe-9ed1-43b4-b611-1dc322d599f8" />
  </Folder>
  <Folder Name="/Solution Items/">
    <File Path=".env" />
  </Folder>
  <Folder Name="/tests/">
    <Project Path="tests/Order.IntegrationTests/Order.IntegrationTests.csproj" Id="528d1007-ba92-469b-90bb-df729f845a87" />
    <Project Path="tests/Order.UnitTests/Order.UnitTests.csproj" Id="98f7d760-cf5a-4001-8bc4-68622a720172" />
  </Folder>
  <Project Path="docker-compose.dcproj">
    <Build />
  </Project>
  <Project Path="src/Shared/Shared.csproj" Id="fce18e40-f6eb-4227-a8d2-e6d497458095" />
</Solution>
